
Microsoft Visual Studio Solution File, Format Version 12.00
# Visual Studio Version 16
VisualStudioVersion = 16.0.30907.101
MinimumVisualStudioVersion = 10.0.40219.1
Project("{8BC9CEB8-8B4A-11D0-8D11-00A0C91BC942}") = "ConsoleApplication1", "ConsoleApplication1\ConsoleApplication1.vcxproj", "{B0D98AA2-8F67-480E-AB0E-29AD47EC2DD2}"
EndProject
Global
	GlobalSection(SolutionConfigurationPlatforms) = preSolution
		Debug|x64 = Debug|x64
		Debug|x86 = Debug|x86
		Release|x64 = Release|x64
		Release|x86 = Release|x86
	EndGlobalSection
	GlobalSection(ProjectConfigurationPlatforms) = postSolution
		{B0D98AA2-8F67-480E-AB0E-29AD47EC2DD2}.Debug|x64.ActiveCfg = Debug|x64
		{B0D98AA2-8F67-480E-AB0E-29AD47EC2DD2}.Debug|x64.Build.0 = Debug|x64
		{B0D98AA2-8F67-480E-AB0E-29AD47EC2DD2}.Debug|x86.ActiveCfg = Debug|Win32
		{B0D98AA2-8F67-480E-AB0E-29AD47EC2DD2}.Debug|x86.Build.0 = Debug|Win32
		{B0D98AA2-8F67-480E-AB0E-29AD47EC2DD2}.Release|x64.ActiveCfg = Release|x64
		{B0D98AA2-8F67-480E-AB0E-29AD47EC2DD2}.Release|x64.Build.0 = Release|x64
		{B0D98AA2-8F67-480E-AB0E-29AD47EC2DD2}.Release|x86.ActiveCfg = Release|Win32
		{B0D98AA2-8F67-480E-AB0E-29AD47EC2DD2}.Release|x86.Build.0 = Release|Win32
	EndGlobalSection
	GlobalSection(SolutionProperties) = preSolution
		HideSolutionNode = FALSE
	EndGlobalSection
	GlobalSection(ExtensibilityGlobals) = postSolution
		SolutionGuid = {7EE9B4B1-388E-446D-A9F7-BC59EF2DABC0}
	EndGlobalSection
EndGlobal
